{
  "object": {
    "pins": [
      {
        "package": "Purchases",
        "repositoryURL": "https://github.com/RevenueCat/purchases-ios.git",
        "state": {
          "branch": null,
          "revision": "b7e38906f3290f19b2396dd5665b13d05c8e672a",
          "version": "3.12.4"
        }
      }
    ]
  },
  "version": 1
}
